
Microsoft Visual Studio Solution File, Format Version 12.00
# Visual Studio Version 17
VisualStudioVersion = 17.7.34024.191
MinimumVisualStudioVersion = 10.0.40219.1
Project("{9A19103F-16F7-4668-BE54-9A1E7A4F7556}") = "RedisCache", "RedisCache\RedisCache.csproj", "{9BB2CBB9-B193-45C2-9133-D377E5453675}"
EndProject
Project("{FAE04EC0-301F-11D3-BF4B-00C04F79EFBC}") = "TestRedisCache", "TestRedisCache\TestRedisCache.csproj", "{DC624637-025E-4275-8E5B-8074A7D2055F}"
EndProject
Global
	GlobalSection(SolutionConfigurationPlatforms) = preSolution
		Debug|Any CPU = Debug|Any CPU
		Release|Any CPU = Release|Any CPU
	EndGlobalSection
	GlobalSection(ProjectConfigurationPlatforms) = postSolution
		{9BB2CBB9-B193-45C2-9133-D377E5453675}.Debug|Any CPU.ActiveCfg = Debug|Any CPU
		{9BB2CBB9-B193-45C2-9133-D377E5453675}.Debug|Any CPU.Build.0 = Debug|Any CPU
		{9BB2CBB9-B193-45C2-9133-D377E5453675}.Release|Any CPU.ActiveCfg = Release|Any CPU
		{9BB2CBB9-B193-45C2-9133-D377E5453675}.Release|Any CPU.Build.0 = Release|Any CPU
		{DC624637-025E-4275-8E5B-8074A7D2055F}.Debug|Any CPU.ActiveCfg = Debug|Any CPU
		{DC624637-025E-4275-8E5B-8074A7D2055F}.Debug|Any CPU.Build.0 = Debug|Any CPU
		{DC624637-025E-4275-8E5B-8074A7D2055F}.Release|Any CPU.ActiveCfg = Release|Any CPU
		{DC624637-025E-4275-8E5B-8074A7D2055F}.Release|Any CPU.Build.0 = Release|Any CPU
	EndGlobalSection
	GlobalSection(SolutionProperties) = preSolution
		HideSolutionNode = FALSE
	EndGlobalSection
	GlobalSection(ExtensibilityGlobals) = postSolution
		SolutionGuid = {37944F9F-714D-462A-A2A6-60860467B20A}
	EndGlobalSection
EndGlobal
